
Microsoft Visual Studio Solution File, Format Version 12.00
# Visual Studio 15
VisualStudioVersion = 15.0.27703.2018
MinimumVisualStudioVersion = 10.0.40219.1
Project("{262852C6-CD72-467D-83FE-5EEB1973A190}") = "RetaiEZY", "RetaiEZY\RetaiEZY.jsproj", "{44D00E23-6206-48DE-93E5-39BAC0C77DEF}"
EndProject
Global
	GlobalSection(SolutionConfigurationPlatforms) = preSolution
		Debug|Android = Debug|Android
		Debug|iOS = Debug|iOS
		Debug|Windows-ARM = Debug|Windows-ARM
		Debug|Windows-x64 = Debug|Windows-x64
		Debug|Windows-x86 = Debug|Windows-x86
		Release|Android = Release|Android
		Release|iOS = Release|iOS
		Release|Windows-ARM = Release|Windows-ARM
		Release|Windows-x64 = Release|Windows-x64
		Release|Windows-x86 = Release|Windows-x86
	EndGlobalSection
	GlobalSection(ProjectConfigurationPlatforms) = postSolution
		{44D00E23-6206-48DE-93E5-39BAC0C77DEF}.Debug|Android.ActiveCfg = Debug|Android
		{44D00E23-6206-48DE-93E5-39BAC0C77DEF}.Debug|Android.Build.0 = Debug|Android
		{44D00E23-6206-48DE-93E5-39BAC0C77DEF}.Debug|Android.Deploy.0 = Debug|Android
		{44D00E23-6206-48DE-93E5-39BAC0C77DEF}.Debug|iOS.ActiveCfg = Debug|iOS
		{44D00E23-6206-48DE-93E5-39BAC0C77DEF}.Debug|iOS.Build.0 = Debug|iOS
		{44D00E23-6206-48DE-93E5-39BAC0C77DEF}.Debug|iOS.Deploy.0 = Debug|iOS
		{44D00E23-6206-48DE-93E5-39BAC0C77DEF}.Debug|Windows-ARM.ActiveCfg = Debug|Windows-ARM
		{44D00E23-6206-48DE-93E5-39BAC0C77DEF}.Debug|Windows-ARM.Build.0 = Debug|Windows-ARM
		{44D00E23-6206-48DE-93E5-39BAC0C77DEF}.Debug|Windows-ARM.Deploy.0 = Debug|Windows-ARM
		{44D00E23-6206-48DE-93E5-39BAC0C77DEF}.Debug|Windows-x64.ActiveCfg = Debug|Windows-x64
		{44D00E23-6206-48DE-93E5-39BAC0C77DEF}.Debug|Windows-x64.Build.0 = Debug|Windows-x64
		{44D00E23-6206-48DE-93E5-39BAC0C77DEF}.Debug|Windows-x64.Deploy.0 = Debug|Windows-x64
		{44D00E23-6206-48DE-93E5-39BAC0C77DEF}.Debug|Windows-x86.ActiveCfg = Debug|Windows-x86
		{44D00E23-6206-48DE-93E5-39BAC0C77DEF}.Debug|Windows-x86.Build.0 = Debug|Windows-x86
		{44D00E23-6206-48DE-93E5-39BAC0C77DEF}.Debug|Windows-x86.Deploy.0 = Debug|Windows-x86
		{44D00E23-6206-48DE-93E5-39BAC0C77DEF}.Release|Android.ActiveCfg = Release|Android
		{44D00E23-6206-48DE-93E5-39BAC0C77DEF}.Release|Android.Build.0 = Release|Android
		{44D00E23-6206-48DE-93E5-39BAC0C77DEF}.Release|Android.Deploy.0 = Release|Android
		{44D00E23-6206-48DE-93E5-39BAC0C77DEF}.Release|iOS.ActiveCfg = Release|iOS
		{44D00E23-6206-48DE-93E5-39BAC0C77DEF}.Release|iOS.Build.0 = Release|iOS
		{44D00E23-6206-48DE-93E5-39BAC0C77DEF}.Release|iOS.Deploy.0 = Release|iOS
		{44D00E23-6206-48DE-93E5-39BAC0C77DEF}.Release|Windows-ARM.ActiveCfg = Release|Windows-ARM
		{44D00E23-6206-48DE-93E5-39BAC0C77DEF}.Release|Windows-ARM.Build.0 = Release|Windows-ARM
		{44D00E23-6206-48DE-93E5-39BAC0C77DEF}.Release|Windows-ARM.Deploy.0 = Release|Windows-ARM
		{44D00E23-6206-48DE-93E5-39BAC0C77DEF}.Release|Windows-x64.ActiveCfg = Release|Windows-x64
		{44D00E23-6206-48DE-93E5-39BAC0C77DEF}.Release|Windows-x64.Build.0 = Release|Windows-x64
		{44D00E23-6206-48DE-93E5-39BAC0C77DEF}.Release|Windows-x64.Deploy.0 = Release|Windows-x64
		{44D00E23-6206-48DE-93E5-39BAC0C77DEF}.Release|Windows-x86.ActiveCfg = Release|Windows-x86
		{44D00E23-6206-48DE-93E5-39BAC0C77DEF}.Release|Windows-x86.Build.0 = Release|Windows-x86
		{44D00E23-6206-48DE-93E5-39BAC0C77DEF}.Release|Windows-x86.Deploy.0 = Release|Windows-x86
	EndGlobalSection
	GlobalSection(SolutionProperties) = preSolution
		HideSolutionNode = FALSE
	EndGlobalSection
	GlobalSection(ExtensibilityGlobals) = postSolution
		SolutionGuid = {B456FE02-49A8-4CA8-918C-5623101E5225}
	EndGlobalSection
EndGlobal
